// !$*UTF8*$!
{
	archiveVersion = 1;
	classes = {
	};
	objectVersion = 48;
	objects = {

/* Begin PBXBuildFile section */
		A938C5673BCA00976548DCAA /* Pods_iosBottomSheet.framework in Frameworks */ = {isa = PBXBuildFile; fileRef = 562BB9465B5911A82439BF7C /* Pods_iosBottomSheet.framework */; };
		CE2A34102035639A00D79B19 /* AppDelegate.swift in Sources */ = {isa = PBXBuildFile; fileRef = CE2A340F2035639A00D79B19 /* AppDelegate.swift */; };
		CE2A34122035639A00D79B19 /* ViewController.swift in Sources */ = {isa = PBXBuildFile; fileRef = CE2A34112035639A00D79B19 /* ViewController.swift */; };
		CE2A34152035639A00D79B19 /* Main.storyboard in Resources */ = {isa = PBXBuildFile; fileRef = CE2A34132035639A00D79B19 /* Main.storyboard */; };
		CE2A34172035639A00D79B19 /* Assets.xcassets in Resources */ = {isa = PBXBuildFile; fileRef = CE2A34162035639A00D79B19 /* Assets.xcassets */; };
		CE2A341A2035639A00D79B19 /* LaunchScreen.storyboard in Resources */ = {isa = PBXBuildFile; fileRef = CE2A34182035639A00D79B19 /* LaunchScreen.storyboard */; };
		CE2A34232035666A00D79B19 /* ContentVC.swift in Sources */ = {isa = PBXBuildFile; fileRef = CE2A34222035666A00D79B19 /* ContentVC.swift */; };
		CE2A342520357C4B00D79B19 /* BottomVC.swift in Sources */ = {isa = PBXBuildFile; fileRef = CE2A342420357C4B00D79B19 /* BottomVC.swift */; };
/* End PBXBuildFile section */

/* Begin PBXFileReference section */
		3D0C5AB80EDBFE9325F230D0 /* Pods-iosBottomSheet.release.xcconfig */ = {isa = PBXFileReference; includeInIndex = 1; lastKnownFileType = text.xcconfig; name = "Pods-iosBottomSheet.release.xcconfig"; path = "Pods/Target Support Files/Pods-iosBottomSheet/Pods-iosBottomSheet.release.xcconfig"; sourceTree = "<group>"; };
		562BB9465B5911A82439BF7C /* Pods_iosBottomSheet.framework */ = {isa = PBXFileReference; explicitFileType = wrapper.framework; includeInIndex = 0; path = Pods_iosBottomSheet.framework; sourceTree = BUILT_PRODUCTS_DIR; };
		A4DE4FD430F9042A270A6B01 /* Pods-iosBottomSheet.debug.xcconfig */ = {isa = PBXFileReference; includeInIndex = 1; lastKnownFileType = text.xcconfig; name = "Pods-iosBottomSheet.debug.xcconfig"; path = "Pods/Target Support Files/Pods-iosBottomSheet/Pods-iosBottomSheet.debug.xcconfig"; sourceTree = "<group>"; };
		CE2A340C2035639A00D79B19 /* iosBottomSheet.app */ = {isa = PBXFileReference; explicitFileType = wrapper.application; includeInIndex = 0; path = iosBottomSheet.app; sourceTree = BUILT_PRODUCTS_DIR; };
		CE2A340F2035639A00D79B19 /* AppDelegate.swift */ = {isa = PBXFileReference; lastKnownFileType = sourcecode.swift; path = AppDelegate.swift; sourceTree = "<group>"; };
		CE2A34112035639A00D79B19 /* ViewController.swift */ = {isa = PBXFileReference; lastKnownFileType = sourcecode.swift; path = ViewController.swift; sourceTree = "<group>"; };
		CE2A34142035639A00D79B19 /* Base */ = {isa = PBXFileReference; lastKnownFileType = file.storyboard; name = Base; path = Base.lproj/Main.storyboard; sourceTree = "<group>"; };
		CE2A34162035639A00D79B19 /* Assets.xcassets */ = {isa = PBXFileReference; lastKnownFileType = folder.assetcatalog; path = Assets.xcassets; sourceTree = "<group>"; };
		CE2A34192035639A00D79B19 /* Base */ = {isa = PBXFileReference; lastKnownFileType = file.storyboard; name = Base; path = Base.lproj/LaunchScreen.storyboard; sourceTree = "<group>"; };
		CE2A341B2035639A00D79B19 /* Info.plist */ = {isa = PBXFileReference; lastKnownFileType = text.plist.xml; path = Info.plist; sourceTree = "<group>"; };
		CE2A34222035666A00D79B19 /* ContentVC.swift */ = {isa = PBXFileReference; lastKnownFileType = sourcecode.swift; path = ContentVC.swift; sourceTree = "<group>"; };
		CE2A342420357C4B00D79B19 /* BottomVC.swift */ = {isa = PBXFileReference; lastKnownFileType = sourcecode.swift; path = BottomVC.swift; sourceTree = "<group>"; };
/* End PBXFileReference section */

/* Begin PBXFrameworksBuildPhase section */
		CE2A34092035639A00D79B19 /* Frameworks */ = {
			isa = PBXFrameworksBuildPhase;
			buildActionMask = 2147483647;
			files = (
				A938C5673BCA00976548DCAA /* Pods_iosBottomSheet.framework in Frameworks */,
			);
			runOnlyForDeploymentPostprocessing = 0;
		};
/* End PBXFrameworksBuildPhase section */

/* Begin PBXGroup section */
		5A30362582A90ED3A8734943 /* Pods */ = {
			isa = PBXGroup;
			children = (
				A4DE4FD430F9042A270A6B01 /* Pods-iosBottomSheet.debug.xcconfig */,
				3D0C5AB80EDBFE9325F230D0 /* Pods-iosBottomSheet.release.xcconfig */,
			);
			name = Pods;
			sourceTree = "<group>";
		};
		B7AB34BD060A70277BA8A388 /* Frameworks */ = {
			isa = PBXGroup;
			children = (
				562BB9465B5911A82439BF7C /* Pods_iosBottomSheet.framework */,
			);
			name = Frameworks;
			sourceTree = "<group>";
		};
		CE2A34032035639900D79B19 = {
			isa = PBXGroup;
			children = (
				CE2A340E2035639A00D79B19 /* iosBottomSheet */,
				CE2A340D2035639A00D79B19 /* Products */,
				5A30362582A90ED3A8734943 /* Pods */,
				B7AB34BD060A70277BA8A388 /* Frameworks */,
			);
			sourceTree = "<group>";
		};
		CE2A340D2035639A00D79B19 /* Products */ = {
			isa = PBXGroup;
			children = (
				CE2A340C2035639A00D79B19 /* iosBottomSheet.app */,
			);
			name = Products;
			sourceTree = "<group>";
		};
		CE2A340E2035639A00D79B19 /* iosBottomSheet */ = {
			isa = PBXGroup;
			children = (
				CE2A340F2035639A00D79B19 /* AppDelegate.swift */,
				CE2A34112035639A00D79B19 /* ViewController.swift */,
				CE2A34132035639A00D79B19 /* Main.storyboard */,
				CE2A342420357C4B00D79B19 /* BottomVC.swift */,
				CE2A34222035666A00D79B19 /* ContentVC.swift */,
				CE2A34162035639A00D79B19 /* Assets.xcassets */,
				CE2A34182035639A00D79B19 /* LaunchScreen.storyboard */,
				CE2A341B2035639A00D79B19 /* Info.plist */,
			);
			path = iosBottomSheet;
			sourceTree = "<group>";
		};
/* End PBXGroup section */

/* Begin PBXNativeTarget section */
		CE2A340B2035639A00D79B19 /* iosBottomSheet */ = {
			isa = PBXNativeTarget;
			buildConfigurationList = CE2A341E2035639A00D79B19 /* Build configuration list for PBXNativeTarget "iosBottomSheet" */;
			buildPhases = (
				4E95FC901AC071721D062A4A /* [CP] Check Pods Manifest.lock */,
				CE2A34082035639A00D79B19 /* Sources */,
				CE2A34092035639A00D79B19 /* Frameworks */,
				CE2A340A2035639A00D79B19 /* Resources */,
				9E92E652780BC7FD7284F3C4 /* [CP] Embed Pods Frameworks */,
				721C0D0295E0E1DFB42D08EE /* [CP] Copy Pods Resources */,
			);
			buildRules = (
			);
			dependencies = (
			);
			name = iosBottomSheet;
			productName = iosBottomSheet;
			productReference = CE2A340C2035639A00D79B19 /* iosBottomSheet.app */;
			productType = "com.apple.product-type.application";
		};
/* End PBXNativeTarget section */

/* Begin PBXProject section */
		CE2A34042035639900D79B19 /* Project object */ = {
			isa = PBXProject;
			attributes = {
				LastSwiftUpdateCheck = 0920;
				LastUpgradeCheck = 0920;
				ORGANIZATIONNAME = ugoround;
				TargetAttributes = {
					CE2A340B2035639A00D79B19 = {
						CreatedOnToolsVersion = 9.2;
						ProvisioningStyle = Automatic;
					};
				};
			};
			buildConfigurationList = CE2A34072035639A00D79B19 /* Build configuration list for PBXProject "iosBottomSheet" */;
			compatibilityVersion = "Xcode 8.0";
			developmentRegion = en;
			hasScannedForEncodings = 0;
			knownRegions = (
				en,
				Base,
			);
			mainGroup = CE2A34032035639900D79B19;
			productRefGroup = CE2A340D2035639A00D79B19 /* Products */;
			projectDirPath = "";
			projectRoot = "";
			targets = (
				CE2A340B2035639A00D79B19 /* iosBottomSheet */,
			);
		};
/* End PBXProject section */

/* Begin PBXResourcesBuildPhase section */
		CE2A340A2035639A00D79B19 /* Resources */ = {
			isa = PBXResourcesBuildPhase;
			buildActionMask = 2147483647;
			files = (
				CE2A341A2035639A00D79B19 /* LaunchScreen.storyboard in Resources */,
				CE2A34172035639A00D79B19 /* Assets.xcassets in Resources */,
				CE2A34152035639A00D79B19 /* Main.storyboard in Resources */,
			);
			runOnlyForDeploymentPostprocessing = 0;
		};
/* End PBXResourcesBuildPhase section */

/* Begin PBXShellScriptBuildPhase section */
		4E95FC901AC071721D062A4A /* [CP] Check Pods Manifest.lock */ = {
			isa = PBXShellScriptBuildPhase;
			buildActionMask = 2147483647;
			files = (
			);
			inputPaths = (
				"${PODS_PODFILE_DIR_PATH}/Podfile.lock",
				"${PODS_ROOT}/Manifest.lock",
			);
			name = "[CP] Check Pods Manifest.lock";
			outputPaths = (
				"$(DERIVED_FILE_DIR)/Pods-iosBottomSheet-checkManifestLockResult.txt",
			);
			runOnlyForDeploymentPostprocessing = 0;
			shellPath = /bin/sh;
			shellScript = "diff \"${PODS_PODFILE_DIR_PATH}/Podfile.lock\" \"${PODS_ROOT}/Manifest.lock\" > /dev/null\nif [ $? != 0 ] ; then\n    # print error to STDERR\n    echo \"error: The sandbox is not in sync with the Podfile.lock. Run 'pod install' or update your CocoaPods installation.\" >&2\n    exit 1\nfi\n# This output is used by Xcode 'outputs' to avoid re-running this script phase.\necho \"SUCCESS\" > \"${SCRIPT_OUTPUT_FILE_0}\"\n";
			showEnvVarsInLog = 0;
		};
		721C0D0295E0E1DFB42D08EE /* [CP] Copy Pods Resources */ = {
			isa = PBXShellScriptBuildPhase;
			buildActionMask = 2147483647;
			files = (
			);
			inputPaths = (
			);
			name = "[CP] Copy Pods Resources";
			outputPaths = (
			);
			runOnlyForDeploymentPostprocessing = 0;
			shellPath = /bin/sh;
			shellScript = "\"${SRCROOT}/Pods/Target Support Files/Pods-iosBottomSheet/Pods-iosBottomSheet-resources.sh\"\n";
			showEnvVarsInLog = 0;
		};
		9E92E652780BC7FD7284F3C4 /* [CP] Embed Pods Frameworks */ = {
			isa = PBXShellScriptBuildPhase;
			buildActionMask = 2147483647;
			files = (
			);
			inputPaths = (
				"${SRCROOT}/Pods/Target Support Files/Pods-iosBottomSheet/Pods-iosBottomSheet-frameworks.sh",
				"${BUILT_PRODUCTS_DIR}/ISHPullUp/ISHPullUp.framework",
			);
			name = "[CP] Embed Pods Frameworks";
			outputPaths = (
				"${TARGET_BUILD_DIR}/${FRAMEWORKS_FOLDER_PATH}/ISHPullUp.framework",
			);
			runOnlyForDeploymentPostprocessing = 0;
			shellPath = /bin/sh;
			shellScript = "\"${SRCROOT}/Pods/Target Support Files/Pods-iosBottomSheet/Pods-iosBottomSheet-frameworks.sh\"\n";
			showEnvVarsInLog = 0;
		};
/* End PBXShellScriptBuildPhase section */

/* Begin PBXSourcesBuildPhase section */
		CE2A34082035639A00D79B19 /* Sources */ = {
			isa = PBXSourcesBuildPhase;
			buildActionMask = 2147483647;
			files = (
				CE2A34122035639A00D79B19 /* ViewController.swift in Sources */,
				CE2A34102035639A00D79B19 /* AppDelegate.swift in Sources */,
				CE2A34232035666A00D79B19 /* ContentVC.swift in Sources */,
				CE2A342520357C4B00D79B19 /* BottomVC.swift in Sources */,
			);
			runOnlyForDeploymentPostprocessing = 0;
		};
/* End PBXSourcesBuildPhase section */

/* Begin PBXVariantGroup section */
		CE2A34132035639A00D79B19 /* Main.storyboard */ = {
			isa = PBXVariantGroup;
			children = (
				CE2A34142035639A00D79B19 /* Base */,
			);
			name = Main.storyboard;
			sourceTree = "<group>";
		};
		CE2A34182035639A00D79B19 /* LaunchScreen.storyboard */ = {
			isa = PBXVariantGroup;
			children = (
				CE2A34192035639A00D79B19 /* Base */,
			);
			name = LaunchScreen.storyboard;
			sourceTree = "<group>";
		};
/* End PBXVariantGroup section */

/* Begin XCBuildConfiguration section */
		CE2A341C2035639A00D79B19 /* Debug */ = {
			isa = XCBuildConfiguration;
			buildSettings = {
				ALWAYS_SEARCH_USER_PATHS = NO;
				CLANG_ANALYZER_NONNULL = YES;
				CLANG_ANALYZER_NUMBER_OBJECT_CONVERSION = YES_AGGRESSIVE;
				CLANG_CXX_LANGUAGE_STANDARD = "gnu++14";
				CLANG_CXX_LIBRARY = "libc++";
				CLANG_ENABLE_MODULES = YES;
				CLANG_ENABLE_OBJC_ARC = YES;
				CLANG_WARN_BLOCK_CAPTURE_AUTORELEASING = YES;
				CLANG_WARN_BOOL_CONVERSION = YES;
				CLANG_WARN_COMMA = YES;
				CLANG_WARN_CONSTANT_CONVERSION = YES;
				CLANG_WARN_DIRECT_OBJC_ISA_USAGE = YES_ERROR;
				CLANG_WARN_DOCUMENTATION_COMMENTS = YES;
				CLANG_WARN_EMPTY_BODY = YES;
				CLANG_WARN_ENUM_CONVERSION = YES;
				CLANG_WARN_INFINITE_RECURSION = YES;
				CLANG_WARN_INT_CONVERSION = YES;
				CLANG_WARN_NON_LITERAL_NULL_CONVERSION = YES;
				CLANG_WARN_OBJC_LITERAL_CONVERSION = YES;
				CLANG_WARN_OBJC_ROOT_CLASS = YES_ERROR;
				CLANG_WARN_RANGE_LOOP_ANALYSIS = YES;
				CLANG_WARN_STRICT_PROTOTYPES = YES;
				CLANG_WARN_SUSPICIOUS_MOVE = YES;
				CLANG_WARN_UNGUARDED_AVAILABILITY = YES_AGGRESSIVE;
				CLANG_WARN_UNREACHABLE_CODE = YES;
				CLANG_WARN__DUPLICATE_METHOD_MATCH = YES;
				CODE_SIGN_IDENTITY = "iPhone Developer";
				COPY_PHASE_STRIP = NO;
				DEBUG_INFORMATION_FORMAT = dwarf;
				ENABLE_STRICT_OBJC_MSGSEND = YES;
				ENABLE_TESTABILITY = YES;
				GCC_C_LANGUAGE_STANDARD = gnu11;
				GCC_DYNAMIC_NO_PIC = NO;
				GCC_NO_COMMON_BLOCKS = YES;
				GCC_OPTIMIZATION_LEVEL = 0;
				GCC_PREPROCESSOR_DEFINITIONS = (
					"DEBUG=1",
					"$(inherited)",
				);
				GCC_WARN_64_TO_32_BIT_CONVERSION = YES;
				GCC_WARN_ABOUT_RETURN_TYPE = YES_ERROR;
				GCC_WARN_UNDECLARED_SELECTOR = YES;
				GCC_WARN_UNINITIALIZED_AUTOS = YES_AGGRESSIVE;
				GCC_WARN_UNUSED_FUNCTION = YES;
				GCC_WARN_UNUSED_VARIABLE = YES;
				IPHONEOS_DEPLOYMENT_TARGET = 11.2;
				MTL_ENABLE_DEBUG_INFO = YES;
				ONLY_ACTIVE_ARCH = YES;
				SDKROOT = iphoneos;
				SWIFT_ACTIVE_COMPILATION_CONDITIONS = DEBUG;
				SWIFT_OPTIMIZATION_LEVEL = "-Onone";
			};
			name = Debug;
		};
		CE2A341D2035639A00D79B19 /* Release */ = {
			isa = XCBuildConfiguration;
			buildSettings = {
				ALWAYS_SEARCH_USER_PATHS = NO;
				CLANG_ANALYZER_NONNULL = YES;
				CLANG_ANALYZER_NUMBER_OBJECT_CONVERSION = YES_AGGRESSIVE;
				CLANG_CXX_LANGUAGE_STANDARD = "gnu++14";
				CLANG_CXX_LIBRARY = "libc++";
				CLANG_ENABLE_MODULES = YES;
				CLANG_ENABLE_OBJC_ARC = YES;
				CLANG_WARN_BLOCK_CAPTURE_AUTORELEASING = YES;
				CLANG_WARN_BOOL_CONVERSION = YES;
				CLANG_WARN_COMMA = YES;
				CLANG_WARN_CONSTANT_CONVERSION = YES;
				CLANG_WARN_DIRECT_OBJC_ISA_USAGE = YES_ERROR;
				CLANG_WARN_DOCUMENTATION_COMMENTS = YES;
				CLANG_WARN_EMPTY_BODY = YES;
				CLANG_WARN_ENUM_CONVERSION = YES;
				CLANG_WARN_INFINITE_RECURSION = YES;
				CLANG_WARN_INT_CONVERSION = YES;
				CLANG_WARN_NON_LITERAL_NULL_CONVERSION = YES;
				CLANG_WARN_OBJC_LITERAL_CONVERSION = YES;
				CLANG_WARN_OBJC_ROOT_CLASS = YES_ERROR;
				CLANG_WARN_RANGE_LOOP_ANALYSIS = YES;
				CLANG_WARN_STRICT_PROTOTYPES = YES;
				CLANG_WARN_SUSPICIOUS_MOVE = YES;
				CLANG_WARN_UNGUARDED_AVAILABILITY = YES_AGGRESSIVE;
				CLANG_WARN_UNREACHABLE_CODE = YES;
				CLANG_WARN__DUPLICATE_METHOD_MATCH = YES;
				CODE_SIGN_IDENTITY = "iPhone Developer";
				COPY_PHASE_STRIP = NO;
				DEBUG_INFORMATION_FORMAT = "dwarf-with-dsym";
				ENABLE_NS_ASSERTIONS = NO;
				ENABLE_STRICT_OBJC_MSGSEND = YES;
				GCC_C_LANGUAGE_STANDARD = gnu11;
				GCC_NO_COMMON_BLOCKS = YES;
				GCC_WARN_64_TO_32_BIT_CONVERSION = YES;
				GCC_WARN_ABOUT_RETURN_TYPE = YES_ERROR;
				GCC_WARN_UNDECLARED_SELECTOR = YES;
				GCC_WARN_UNINITIALIZED_AUTOS = YES_AGGRESSIVE;
				GCC_WARN_UNUSED_FUNCTION = YES;
				GCC_WARN_UNUSED_VARIABLE = YES;
				IPHONEOS_DEPLOYMENT_TARGET = 11.2;
				MTL_ENABLE_DEBUG_INFO = NO;
				SDKROOT = iphoneos;
				SWIFT_OPTIMIZATION_LEVEL = "-Owholemodule";
				VALIDATE_PRODUCT = YES;
			};
			name = Release;
		};
		CE2A341F2035639A00D79B19 /* Debug */ = {
			isa = XCBuildConfiguration;
			baseConfigurationReference = A4DE4FD430F9042A270A6B01 /* Pods-iosBottomSheet.debug.xcconfig */;
			buildSettings = {
				ASSETCATALOG_COMPILER_APPICON_NAME = AppIcon;
				CODE_SIGN_STYLE = Automatic;
				INFOPLIST_FILE = iosBottomSheet/Info.plist;
				LD_RUNPATH_SEARCH_PATHS = "$(inherited) @executable_path/Frameworks";
				PRODUCT_BUNDLE_IDENTIFIER = com.ugoround.iosBottomSheet;
				PRODUCT_NAME = "$(TARGET_NAME)";
				SWIFT_VERSION = 4.0;
				TARGETED_DEVICE_FAMILY = "1,2";
			};
			name = Debug;
		};
		CE2A34202035639A00D79B19 /* Release */ = {
			isa = XCBuildConfiguration;
			baseConfigurationReference = 3D0C5AB80EDBFE9325F230D0 /* Pods-iosBottomSheet.release.xcconfig */;
			buildSettings = {
				ASSETCATALOG_COMPILER_APPICON_NAME = AppIcon;
				CODE_SIGN_STYLE = Automatic;
				INFOPLIST_FILE = iosBottomSheet/Info.plist;
				LD_RUNPATH_SEARCH_PATHS = "$(inherited) @executable_path/Frameworks";
				PRODUCT_BUNDLE_IDENTIFIER = com.ugoround.iosBottomSheet;
				PRODUCT_NAME = "$(TARGET_NAME)";
				SWIFT_VERSION = 4.0;
				TARGETED_DEVICE_FAMILY = "1,2";
			};
			name = Release;
		};
/* End XCBuildConfiguration section */

/* Begin XCConfigurationList section */
		CE2A34072035639A00D79B19 /* Build configuration list for PBXProject "iosBottomSheet" */ = {
			isa = XCConfigurationList;
			buildConfigurations = (
				CE2A341C2035639A00D79B19 /* Debug */,
				CE2A341D2035639A00D79B19 /* Release */,
			);
			defaultConfigurationIsVisible = 0;
			defaultConfigurationName = Release;
		};
		CE2A341E2035639A00D79B19 /* Build configuration list for PBXNativeTarget "iosBottomSheet" */ = {
			isa = XCConfigurationList;
			buildConfigurations = (
				CE2A341F2035639A00D79B19 /* Debug */,
				CE2A34202035639A00D79B19 /* Release */,
			);
			defaultConfigurationIsVisible = 0;
			defaultConfigurationName = Release;
		};
/* End XCConfigurationList section */
	};
	rootObject = CE2A34042035639900D79B19 /* Project object */;
}
